<?xml version="1.0" encoding="utf-8"?>
<Project ToolsVersion="4.0" xmlns="http://schemas.microsoft.com/developer/msbuild/2003">
  <ItemGroup>
    <Filter Include="Source Files">
      <UniqueIdentifier>{4FC737F1-C7A5-4376-A066-2A32D752A2FF}</UniqueIdentifier>
      <Extensions>cpp;c;cc;cxx;c++;cppm;ixx;def;odl;idl;hpj;bat;asm;asmx</Extensions>
    </Filter>
    <Filter Include="Header Files">
      <UniqueIdentifier>{93995380-89BD-4b04-88EB-625FBE52EBFB}</UniqueIdentifier>
      <Extensions>h;hh;hpp;hxx;h++;hm;inl;inc;ipp;xsd</Extensions>
    </Filter>
    <Filter Include="Resource Files">
      <UniqueIdentifier>{67DA6AB6-F800-4c08-8B7A-83BB121AAD01}</UniqueIdentifier>
      <Extensions>rc;ico;cur;bmp;dlg;rc2;rct;bin;rgs;gif;jpg;jpeg;jpe;resx;tiff;tif;png;wav;mfcribbon-ms</Extensions>
    </Filter>
    <Filter Include="Header Files\Infastracture">
      <UniqueIdentifier>{787a1e65-b647-4802-a8cd-f398233b1dfa}</UniqueIdentifier>
    </Filter>
    <Filter Include="Header Files\Response">
      <UniqueIdentifier>{95f7787f-f5d8-41f5-94c8-50f9f9524113}</UniqueIdentifier>
    </Filter>
    <Filter Include="Header Files\Requests">
      <UniqueIdentifier>{57143105-a4ea-424f-9390-2e7f2b3d4232}</UniqueIdentifier>
    </Filter>
    <Filter Include="Header Files\Manegers">
      <UniqueIdentifier>{09b33902-94f6-4ca3-8bba-71c9f3a11b44}</UniqueIdentifier>
    </Filter>
    <Filter Include="Source Files\Response">
      <UniqueIdentifier>{533d002e-393f-429d-bb63-5e5e5e9052eb}</UniqueIdentifier>
    </Filter>
    <Filter Include="Source Files\Manegers">
      <UniqueIdentifier>{503a8c45-08da-4680-a8f8-6767c04bc7bd}</UniqueIdentifier>
    </Filter>
    <Filter Include="Source Files\Handlers">
      <UniqueIdentifier>{303ed1bd-8f22-477b-be21-0ab76bd023ab}</UniqueIdentifier>
    </Filter>
    <Filter Include="Source Files\Requests">
      <UniqueIdentifier>{a6918386-9002-497b-aed2-12513e500907}</UniqueIdentifier>
    </Filter>
    <Filter Include="Source Files\Infastracture">
      <UniqueIdentifier>{f0847440-cada-487e-aa16-c9a3d78e3a84}</UniqueIdentifier>
    </Filter>
    <Filter Include="Header Files\Handlers">
      <UniqueIdentifier>{bc2def36-6df2-445b-a6dc-dd32bb13193f}</UniqueIdentifier>
    </Filter>
    <Filter Include="Header Files\Database">
      <UniqueIdentifier>{d5726f32-db1f-4e3f-9cab-1047a179a795}</UniqueIdentifier>
    </Filter>
    <Filter Include="Source Files\Database">
      <UniqueIdentifier>{f904e430-8f5f-4256-8cdb-ca41ad90c91b}</UniqueIdentifier>
    </Filter>
    <Filter Include="Header Files\Sqlite">
      <UniqueIdentifier>{fa0e3afb-b76e-4ba0-b511-fff68a7b5476}</UniqueIdentifier>
    </Filter>
    <Filter Include="Source Files\Sqlite">
      <UniqueIdentifier>{361b57ca-0859-48c1-8c16-342201f621b0}</UniqueIdentifier>
    </Filter>
  </ItemGroup>
  <ItemGroup>
    <ClInclude Include="Codes.h">
      <Filter>Header Files</Filter>
    </ClInclude>
    <ClInclude Include="ErrorMessages.h">
      <Filter>Header Files</Filter>
    </ClInclude>
    <ClInclude Include="Databse\IDatabase.h">
      <Filter>Header Files\Database</Filter>
    </ClInclude>
    <ClInclude Include="Infastructure\Communicator.h">
      <Filter>Header Files</Filter>
    </ClInclude>
    <ClInclude Include="Infastructure\Server.h">
      <Filter>Header Files</Filter>
    </ClInclude>
    <ClInclude Include="Infastructure\WSAInitializer.h">
      <Filter>Header Files</Filter>
    </ClInclude>
    <ClInclude Include="Infastructure\Databse\IDatabase.h">
      <Filter>Header Files</Filter>
    </ClInclude>
    <ClInclude Include="Infastructure\Databse\SqliteDatabase.h">
      <Filter>Header Files</Filter>
    </ClInclude>
    <ClInclude Include="Infastructure\Databse\sqlite3.h">
      <Filter>Header Files</Filter>
    </ClInclude>
    <ClInclude Include="Infastructure\RequestHandlerFactory.h">
      <Filter>Header Files</Filter>
    </ClInclude>
    <ClInclude Include="Handlers\LoginRequestsHandler.h">
      <Filter>Header Files</Filter>
    </ClInclude>
    <ClInclude Include="Response\JsonResponsePacketSerializer.h">
      <Filter>Header Files</Filter>
    </ClInclude>
    <ClInclude Include="Requests\JsonRequestPacketDeserializer.h">
      <Filter>Header Files</Filter>
    </ClInclude>
    <ClInclude Include="Requests\IRequestsHandler.h">
      <Filter>Header Files</Filter>
    </ClInclude>
    <ClInclude Include="Managers\ManagerException.h">
      <Filter>Header Files</Filter>
    </ClInclude>
    <ClInclude Include="Handlers\MenuRequestHandler.h">
      <Filter>Header Files</Filter>
    </ClInclude>
    <ClInclude Include="json.hpp">
      <Filter>Header Files</Filter>
    </ClInclude>
    <ClInclude Include="Infastructure\ServerException.h">
      <Filter>Header Files</Filter>
    </ClInclude>
    <ClInclude Include="Managers\Login\LoggedUser.h">
      <Filter>Header Files</Filter>
    </ClInclude>
    <ClInclude Include="Managers\Login\LoginManager.h">
      <Filter>Header Files</Filter>
    </ClInclude>
    <ClInclude Include="Managers\Question.h">
      <Filter>Header Files</Filter>
    </ClInclude>
    <ClInclude Include="Managers\Room\Room.h">
      <Filter>Header Files</Filter>
    </ClInclude>
    <ClInclude Include="Managers\Room\RoomManager.h">
      <Filter>Header Files</Filter>
    </ClInclude>
    <ClInclude Include="Managers\Statistics\StatisticsManager.h">
      <Filter>Header Files</Filter>
    </ClInclude>
    <ClInclude Include="Requests\Requests.h">
      <Filter>Header Files</Filter>
    </ClInclude>
    <ClInclude Include="Response\Responses.h">
      <Filter>Header Files</Filter>
    </ClInclude>
    <ClInclude Include="Handlers\RoomHandlers\RoomAdminRequestHandler.h">
      <Filter>Header Files</Filter>
    </ClInclude>
    <ClInclude Include="Handlers\RoomHandlers\RoomMemberRequestHandler.h">
      <Filter>Header Files</Filter>
    </ClInclude>
    <ClInclude Include="Managers\Game\Game.h">
      <Filter>Header Files</Filter>
    </ClInclude>
    <ClInclude Include="Managers\Game\GameManager.h">
      <Filter>Header Files</Filter>
    </ClInclude>
    <ClInclude Include="Handlers\GameHandler\GameRequestHnadler.h">
      <Filter>Header Files</Filter>
    </ClInclude>
    <ClInclude Include="Handlers\OneVOneHandler\OneVOneRoomHandler.h">
      <Filter>Header Files</Filter>
    </ClInclude>
    <ClInclude Include="Managers\OneVOne\OneVOneRoomManager.h">
      <Filter>Header Files</Filter>
    </ClInclude>
  </ItemGroup>
  <ItemGroup>
    <ClCompile Include="Trivia.cpp">
      <Filter>Source Files</Filter>
    </ClCompile>
    <ClCompile Include="Infastructure\Communicator.cpp">
      <Filter>Source Files</Filter>
    </ClCompile>
    <ClCompile Include="Infastructure\Server.cpp">
      <Filter>Source Files</Filter>
    </ClCompile>
    <ClCompile Include="Infastructure\WSAInitializer.cpp">
      <Filter>Source Files</Filter>
    </ClCompile>
    <ClCompile Include="Infastructure\Databse\SqliteDatabase.cpp">
      <Filter>Source Files</Filter>
    </ClCompile>
    <ClCompile Include="Infastructure\Databse\sqlite3.c">
      <Filter>Source Files</Filter>
    </ClCompile>
    <ClCompile Include="Infastructure\RequestHandlerFactory.cpp">
      <Filter>Source Files</Filter>
    </ClCompile>
    <ClCompile Include="Handlers\LoginRequestsHandler.cpp">
      <Filter>Source Files</Filter>
    </ClCompile>
    <ClCompile Include="Response\JsonResponsePacketSerializer.cpp">
      <Filter>Source Files</Filter>
    </ClCompile>
    <ClCompile Include="Requests\JsonRequestPacketDeserializer.cpp">
      <Filter>Source Files</Filter>
    </ClCompile>
    <ClCompile Include="Handlers\MenuRequestHandler.cpp">
      <Filter>Source Files</Filter>
    </ClCompile>
    <ClCompile Include="Managers\Login\LoggedUser.cpp">
      <Filter>Source Files</Filter>
    </ClCompile>
    <ClCompile Include="Managers\Login\LoginManager.cpp">
      <Filter>Source Files</Filter>
    </ClCompile>
    <ClCompile Include="Managers\Question.cpp">
      <Filter>Source Files</Filter>
    </ClCompile>
    <ClCompile Include="Managers\Room\Room.cpp">
      <Filter>Source Files</Filter>
    </ClCompile>
    <ClCompile Include="Managers\Room\RoomManager.cpp">
      <Filter>Source Files</Filter>
    </ClCompile>
    <ClCompile Include="Managers\Statistics\StatisticsManager.cpp">
      <Filter>Source Files</Filter>
    </ClCompile>
    <ClCompile Include="Handlers\RoomHandlers\RoomAdminRequestHandler.cpp">
      <Filter>Source Files</Filter>
    </ClCompile>
    <ClCompile Include="Handlers\RoomHandlers\RoomMemberRequestHandler.cpp">
      <Filter>Source Files</Filter>
    </ClCompile>
    <ClCompile Include="Managers\Game\Game.cpp">
      <Filter>Source Files</Filter>
    </ClCompile>
    <ClCompile Include="Managers\Game\GameManager.cpp">
      <Filter>Source Files</Filter>
    </ClCompile>
    <ClCompile Include="Handlers\GameHandler\GameRequestHnadler.cpp">
      <Filter>Source Files</Filter>
    </ClCompile>
    <ClCompile Include="Handlers\OneVOneHandler\OneVOneRoomHandler.cpp">
      <Filter>Source Files</Filter>
    </ClCompile>
    <ClCompile Include="Managers\OneVOne\OneVOneRoomManager.cpp">
      <Filter>Source Files</Filter>
    </ClCompile>
  </ItemGroup>
</Project>